
Microsoft Visual Studio Solution File, Format Version 12.00
# Visual Studio 2017
Project("{FAE04EC0-301F-11D3-BF4B-00C04F79EFBC}") = "Cursed-History", "Cursed-History.csproj", "{754CE40D-8363-908B-D771-21E32CE346DF}"
EndProject
Project("{FAE04EC0-301F-11D3-BF4B-00C04F79EFBC}") = "Cursed-History.Editor", "Cursed-History.Editor.csproj", "{2B53E053-EDE8-3DCA-A64D-7645B3FCCB27}"
EndProject
Global
	GlobalSection(SolutionConfigurationPlatforms) = preSolution
		Debug|Any CPU = Debug|Any CPU
		Release|Any CPU = Release|Any CPU
	EndGlobalSection
	GlobalSection(ProjectConfigurationPlatforms) = postSolution
		{754CE40D-8363-908B-D771-21E32CE346DF}.Debug|Any CPU.ActiveCfg = Debug|Any CPU
		{754CE40D-8363-908B-D771-21E32CE346DF}.Debug|Any CPU.Build.0 = Debug|Any CPU
		{754CE40D-8363-908B-D771-21E32CE346DF}.Release|Any CPU.ActiveCfg = Release|Any CPU
		{754CE40D-8363-908B-D771-21E32CE346DF}.Release|Any CPU.Build.0 = Release|Any CPU
		{2B53E053-EDE8-3DCA-A64D-7645B3FCCB27}.Debug|Any CPU.ActiveCfg = Debug|Any CPU
		{2B53E053-EDE8-3DCA-A64D-7645B3FCCB27}.Debug|Any CPU.Build.0 = Debug|Any CPU
		{2B53E053-EDE8-3DCA-A64D-7645B3FCCB27}.Release|Any CPU.ActiveCfg = Release|Any CPU
		{2B53E053-EDE8-3DCA-A64D-7645B3FCCB27}.Release|Any CPU.Build.0 = Release|Any CPU
	EndGlobalSection
	GlobalSection(SolutionProperties) = preSolution
		HideSolutionNode = FALSE
	EndGlobalSection
EndGlobal
